
Microsoft Visual Studio Solution File, Format Version 12.00
Project("{FAE04EC0-301F-11D3-BF4B-00C04F79EFBC}") = "DiplomaProject", "DiplomaProject\DiplomaProject.csproj", "{A76F11DF-37FA-4A0D-8D2E-B234073DD818}"
EndProject
Project("{FAE04EC0-301F-11D3-BF4B-00C04F79EFBC}") = "Tests", "Tests\Tests.csproj", "{3D6507A9-8454-47FA-9E24-AA2E28319BC4}"
EndProject
Global
	GlobalSection(SolutionConfigurationPlatforms) = preSolution
		Debug|Any CPU = Debug|Any CPU
		Release|Any CPU = Release|Any CPU
	EndGlobalSection
	GlobalSection(ProjectConfigurationPlatforms) = postSolution
		{A76F11DF-37FA-4A0D-8D2E-B234073DD818}.Debug|Any CPU.ActiveCfg = Debug|Any CPU
		{A76F11DF-37FA-4A0D-8D2E-B234073DD818}.Debug|Any CPU.Build.0 = Debug|Any CPU
		{A76F11DF-37FA-4A0D-8D2E-B234073DD818}.Release|Any CPU.ActiveCfg = Release|Any CPU
		{A76F11DF-37FA-4A0D-8D2E-B234073DD818}.Release|Any CPU.Build.0 = Release|Any CPU
		{3D6507A9-8454-47FA-9E24-AA2E28319BC4}.Debug|Any CPU.ActiveCfg = Debug|Any CPU
		{3D6507A9-8454-47FA-9E24-AA2E28319BC4}.Debug|Any CPU.Build.0 = Debug|Any CPU
		{3D6507A9-8454-47FA-9E24-AA2E28319BC4}.Release|Any CPU.ActiveCfg = Release|Any CPU
		{3D6507A9-8454-47FA-9E24-AA2E28319BC4}.Release|Any CPU.Build.0 = Release|Any CPU
	EndGlobalSection
EndGlobal
